// !$*UTF8*$!
{
	archiveVersion = 1;
	classes = {
	};
	objectVersion = 46;
	objects = {

/* Begin PBXBuildFile section */
		4EEF726F4C67355C09B18F94 /* Pods_Ripper.framework in Frameworks */ = {isa = PBXBuildFile; fileRef = 7F0A4845A4B758D868434755 /* Pods_Ripper.framework */; };
		DF4A47881E138531000222BA /* Constraints.swift in Sources */ = {isa = PBXBuildFile; fileRef = DF4A47871E138531000222BA /* Constraints.swift */; };
		DF4A478A1E13854A000222BA /* MaterialView.swift in Sources */ = {isa = PBXBuildFile; fileRef = DF4A47891E13854A000222BA /* MaterialView.swift */; };
		DF4A478C1E1388C1000222BA /* MaterialButton.swift in Sources */ = {isa = PBXBuildFile; fileRef = DF4A478B1E1388C1000222BA /* MaterialButton.swift */; };
		DF4A478E1E1389AC000222BA /* MaterialTextField.swift in Sources */ = {isa = PBXBuildFile; fileRef = DF4A478D1E1389AC000222BA /* MaterialTextField.swift */; };
		DF4A47901E13DA82000222BA /* DataService.swift in Sources */ = {isa = PBXBuildFile; fileRef = DF4A478F1E13DA82000222BA /* DataService.swift */; };
		DF65D81E1DC3044A00DCE63B /* UserProfileViewController.swift in Sources */ = {isa = PBXBuildFile; fileRef = DF65D81D1DC3044A00DCE63B /* UserProfileViewController.swift */; };
		DF68E43C1DA8C7F100AB531E /* RegisterViewController.swift in Sources */ = {isa = PBXBuildFile; fileRef = DF68E43B1DA8C7F100AB531E /* RegisterViewController.swift */; };
		DF6AA82C1E14ED3300E5F1F1 /* BrandsViewController.swift in Sources */ = {isa = PBXBuildFile; fileRef = DF6AA82B1E14ED3300E5F1F1 /* BrandsViewController.swift */; };
		DF7FC9B91D9D4B19004064C3 /* AppDelegate.swift in Sources */ = {isa = PBXBuildFile; fileRef = DF7FC9B81D9D4B19004064C3 /* AppDelegate.swift */; };
		DF7FC9BB1D9D4B19004064C3 /* ViewController.swift in Sources */ = {isa = PBXBuildFile; fileRef = DF7FC9BA1D9D4B19004064C3 /* ViewController.swift */; };
		DF7FC9BE1D9D4B19004064C3 /* Main.storyboard in Resources */ = {isa = PBXBuildFile; fileRef = DF7FC9BC1D9D4B19004064C3 /* Main.storyboard */; };
		DF7FC9C11D9D4B19004064C3 /* Ripper.xcdatamodeld in Sources */ = {isa = PBXBuildFile; fileRef = DF7FC9BF1D9D4B19004064C3 /* Ripper.xcdatamodeld */; };
		DF7FC9C31D9D4B19004064C3 /* Assets.xcassets in Resources */ = {isa = PBXBuildFile; fileRef = DF7FC9C21D9D4B19004064C3 /* Assets.xcassets */; };
		DF7FC9C61D9D4B19004064C3 /* LaunchScreen.storyboard in Resources */ = {isa = PBXBuildFile; fileRef = DF7FC9C41D9D4B19004064C3 /* LaunchScreen.storyboard */; };
		DF7FC9CE1D9D4CE4004064C3 /* GoogleService-Info.plist in Resources */ = {isa = PBXBuildFile; fileRef = DF7FC9CD1D9D4CE4004064C3 /* GoogleService-Info.plist */; };
		DFBE96471E0D46FE00CC923F /* ProfileCollectionViewController.swift in Sources */ = {isa = PBXBuildFile; fileRef = DFBE96461E0D46FE00CC923F /* ProfileCollectionViewController.swift */; };
		DFE8CA211E0E3EFC00732D3A /* addPicToCollectionViewController.swift in Sources */ = {isa = PBXBuildFile; fileRef = DFE8CA201E0E3EFC00732D3A /* addPicToCollectionViewController.swift */; };
/* End PBXBuildFile section */

/* Begin PBXFileReference section */
		179C1108788D433FDEDF72AF /* Pods-Ripper.debug.xcconfig */ = {isa = PBXFileReference; includeInIndex = 1; lastKnownFileType = text.xcconfig; name = "Pods-Ripper.debug.xcconfig"; path = "Pods/Target Support Files/Pods-Ripper/Pods-Ripper.debug.xcconfig"; sourceTree = "<group>"; };
		7F0A4845A4B758D868434755 /* Pods_Ripper.framework */ = {isa = PBXFileReference; explicitFileType = wrapper.framework; includeInIndex = 0; path = Pods_Ripper.framework; sourceTree = BUILT_PRODUCTS_DIR; };
		80ACB327D0466A51941A6AF5 /* Pods-Ripper.release.xcconfig */ = {isa = PBXFileReference; includeInIndex = 1; lastKnownFileType = text.xcconfig; name = "Pods-Ripper.release.xcconfig"; path = "Pods/Target Support Files/Pods-Ripper/Pods-Ripper.release.xcconfig"; sourceTree = "<group>"; };
		DF4A47871E138531000222BA /* Constraints.swift */ = {isa = PBXFileReference; fileEncoding = 4; lastKnownFileType = sourcecode.swift; path = Constraints.swift; sourceTree = "<group>"; };
		DF4A47891E13854A000222BA /* MaterialView.swift */ = {isa = PBXFileReference; fileEncoding = 4; lastKnownFileType = sourcecode.swift; path = MaterialView.swift; sourceTree = "<group>"; };
		DF4A478B1E1388C1000222BA /* MaterialButton.swift */ = {isa = PBXFileReference; fileEncoding = 4; lastKnownFileType = sourcecode.swift; path = MaterialButton.swift; sourceTree = "<group>"; };
		DF4A478D1E1389AC000222BA /* MaterialTextField.swift */ = {isa = PBXFileReference; fileEncoding = 4; lastKnownFileType = sourcecode.swift; path = MaterialTextField.swift; sourceTree = "<group>"; };
		DF4A478F1E13DA82000222BA /* DataService.swift */ = {isa = PBXFileReference; fileEncoding = 4; lastKnownFileType = sourcecode.swift; path = DataService.swift; sourceTree = "<group>"; };
		DF65D81D1DC3044A00DCE63B /* UserProfileViewController.swift */ = {isa = PBXFileReference; fileEncoding = 4; lastKnownFileType = sourcecode.swift; path = UserProfileViewController.swift; sourceTree = "<group>"; };
		DF68E43B1DA8C7F100AB531E /* RegisterViewController.swift */ = {isa = PBXFileReference; fileEncoding = 4; lastKnownFileType = sourcecode.swift; path = RegisterViewController.swift; sourceTree = "<group>"; };
		DF6AA82B1E14ED3300E5F1F1 /* BrandsViewController.swift */ = {isa = PBXFileReference; fileEncoding = 4; lastKnownFileType = sourcecode.swift; path = BrandsViewController.swift; sourceTree = "<group>"; };
		DF7FC9B51D9D4B19004064C3 /* Ripper.app */ = {isa = PBXFileReference; explicitFileType = wrapper.application; includeInIndex = 0; path = Ripper.app; sourceTree = BUILT_PRODUCTS_DIR; };
		DF7FC9B81D9D4B19004064C3 /* AppDelegate.swift */ = {isa = PBXFileReference; lastKnownFileType = sourcecode.swift; path = AppDelegate.swift; sourceTree = "<group>"; };
		DF7FC9BA1D9D4B19004064C3 /* ViewController.swift */ = {isa = PBXFileReference; lastKnownFileType = sourcecode.swift; path = ViewController.swift; sourceTree = "<group>"; };
		DF7FC9BD1D9D4B19004064C3 /* Base */ = {isa = PBXFileReference; lastKnownFileType = file.storyboard; name = Base; path = Base.lproj/Main.storyboard; sourceTree = "<group>"; };
		DF7FC9C01D9D4B19004064C3 /* Ripper.xcdatamodel */ = {isa = PBXFileReference; lastKnownFileType = wrapper.xcdatamodel; path = Ripper.xcdatamodel; sourceTree = "<group>"; };
		DF7FC9C21D9D4B19004064C3 /* Assets.xcassets */ = {isa = PBXFileReference; lastKnownFileType = folder.assetcatalog; path = Assets.xcassets; sourceTree = "<group>"; };
		DF7FC9C51D9D4B19004064C3 /* Base */ = {isa = PBXFileReference; lastKnownFileType = file.storyboard; name = Base; path = Base.lproj/LaunchScreen.storyboard; sourceTree = "<group>"; };
		DF7FC9C71D9D4B19004064C3 /* Info.plist */ = {isa = PBXFileReference; lastKnownFileType = text.plist.xml; path = Info.plist; sourceTree = "<group>"; };
		DF7FC9CD1D9D4CE4004064C3 /* GoogleService-Info.plist */ = {isa = PBXFileReference; fileEncoding = 4; lastKnownFileType = text.plist.xml; path = "GoogleService-Info.plist"; sourceTree = "<group>"; };
		DF7FC9CF1D9D4F82004064C3 /* Ripper-Bridging-Header.h */ = {isa = PBXFileReference; lastKnownFileType = sourcecode.c.h; path = "Ripper-Bridging-Header.h"; sourceTree = "<group>"; };
		DFBE96461E0D46FE00CC923F /* ProfileCollectionViewController.swift */ = {isa = PBXFileReference; fileEncoding = 4; lastKnownFileType = sourcecode.swift; path = ProfileCollectionViewController.swift; sourceTree = "<group>"; };
		DFDE68371D9E296000C96681 /* Ripper.entitlements */ = {isa = PBXFileReference; lastKnownFileType = text.plist.entitlements; path = Ripper.entitlements; sourceTree = "<group>"; };
		DFE8CA201E0E3EFC00732D3A /* addPicToCollectionViewController.swift */ = {isa = PBXFileReference; fileEncoding = 4; lastKnownFileType = sourcecode.swift; path = addPicToCollectionViewController.swift; sourceTree = "<group>"; };
/* End PBXFileReference section */

/* Begin PBXFrameworksBuildPhase section */
		DF7FC9B21D9D4B19004064C3 /* Frameworks */ = {
			isa = PBXFrameworksBuildPhase;
			buildActionMask = 2147483647;
			files = (
				4EEF726F4C67355C09B18F94 /* Pods_Ripper.framework in Frameworks */,
			);
			runOnlyForDeploymentPostprocessing = 0;
		};
/* End PBXFrameworksBuildPhase section */

/* Begin PBXGroup section */
		A43B5FA26E780BE25F97D15B /* Frameworks */ = {
			isa = PBXGroup;
			children = (
				7F0A4845A4B758D868434755 /* Pods_Ripper.framework */,
			);
			name = Frameworks;
			sourceTree = "<group>";
		};
		C0A65393A78B3E37525408D4 /* Pods */ = {
			isa = PBXGroup;
			children = (
				179C1108788D433FDEDF72AF /* Pods-Ripper.debug.xcconfig */,
				80ACB327D0466A51941A6AF5 /* Pods-Ripper.release.xcconfig */,
			);
			name = Pods;
			sourceTree = "<group>";
		};
		DF6AA82A1E14ED1800E5F1F1 /* Guitar Brands */ = {
			isa = PBXGroup;
			children = (
				DF6AA82B1E14ED3300E5F1F1 /* BrandsViewController.swift */,
			);
			name = "Guitar Brands";
			sourceTree = "<group>";
		};
		DF7FC9AC1D9D4B19004064C3 = {
			isa = PBXGroup;
			children = (
				DF7FC9B71D9D4B19004064C3 /* Ripper */,
				DF7FC9B61D9D4B19004064C3 /* Products */,
				C0A65393A78B3E37525408D4 /* Pods */,
				A43B5FA26E780BE25F97D15B /* Frameworks */,
			);
			sourceTree = "<group>";
		};
		DF7FC9B61D9D4B19004064C3 /* Products */ = {
			isa = PBXGroup;
			children = (
				DF7FC9B51D9D4B19004064C3 /* Ripper.app */,
			);
			name = Products;
			sourceTree = "<group>";
		};
		DF7FC9B71D9D4B19004064C3 /* Ripper */ = {
			isa = PBXGroup;
			children = (
				DFBCCD281DAE01140098BA9C /* Supporting Files */,
				DFBCCD271DAE00F80098BA9C /* Controller */,
				DFBCCD261DAE00D20098BA9C /* View */,
			);
			path = Ripper;
			sourceTree = "<group>";
		};
		DFBCCD261DAE00D20098BA9C /* View */ = {
			isa = PBXGroup;
			children = (
				DF7FC9B81D9D4B19004064C3 /* AppDelegate.swift */,
				DF7FC9BC1D9D4B19004064C3 /* Main.storyboard */,
				DF7FC9C41D9D4B19004064C3 /* LaunchScreen.storyboard */,
				DF7FC9C21D9D4B19004064C3 /* Assets.xcassets */,
				DF4A47891E13854A000222BA /* MaterialView.swift */,
				DF4A478B1E1388C1000222BA /* MaterialButton.swift */,
				DF4A478D1E1389AC000222BA /* MaterialTextField.swift */,
			);
			name = View;
			sourceTree = "<group>";
		};
		DFBCCD271DAE00F80098BA9C /* Controller */ = {
			isa = PBXGroup;
			children = (
				DF6AA82A1E14ED1800E5F1F1 /* Guitar Brands */,
				DFBE96481E0D562C00CC923F /* User Profile */,
			);
			name = Controller;
			sourceTree = "<group>";
		};
		DFBCCD281DAE01140098BA9C /* Supporting Files */ = {
			isa = PBXGroup;
			children = (
				DFDE68371D9E296000C96681 /* Ripper.entitlements */,
				DF7FC9C71D9D4B19004064C3 /* Info.plist */,
				DF7FC9CD1D9D4CE4004064C3 /* GoogleService-Info.plist */,
				DF7FC9BF1D9D4B19004064C3 /* Ripper.xcdatamodeld */,
				DF7FC9CF1D9D4F82004064C3 /* Ripper-Bridging-Header.h */,
				DF4A47871E138531000222BA /* Constraints.swift */,
				DF4A478F1E13DA82000222BA /* DataService.swift */,
			);
			name = "Supporting Files";
			sourceTree = "<group>";
		};
		DFBE96481E0D562C00CC923F /* User Profile */ = {
			isa = PBXGroup;
			children = (
				DF7FC9BA1D9D4B19004064C3 /* ViewController.swift */,
				DF68E43B1DA8C7F100AB531E /* RegisterViewController.swift */,
				DF65D81D1DC3044A00DCE63B /* UserProfileViewController.swift */,
				DFBE96461E0D46FE00CC923F /* ProfileCollectionViewController.swift */,
				DFE8CA201E0E3EFC00732D3A /* addPicToCollectionViewController.swift */,
			);
			name = "User Profile";
			sourceTree = "<group>";
		};
/* End PBXGroup section */

/* Begin PBXNativeTarget section */
		DF7FC9B41D9D4B19004064C3 /* Ripper */ = {
			isa = PBXNativeTarget;
			buildConfigurationList = DF7FC9CA1D9D4B19004064C3 /* Build configuration list for PBXNativeTarget "Ripper" */;
			buildPhases = (
				B413916FACAFC024D016709B /* [CP] Check Pods Manifest.lock */,
				DF7FC9B11D9D4B19004064C3 /* Sources */,
				DF7FC9B21D9D4B19004064C3 /* Frameworks */,
				DF7FC9B31D9D4B19004064C3 /* Resources */,
				D9EC50898B4AB899CB1D37B1 /* [CP] Embed Pods Frameworks */,
				EBAE2BF3FD10005B63DC746C /* [CP] Copy Pods Resources */,
			);
			buildRules = (
			);
			dependencies = (
			);
			name = Ripper;
			productName = Ripper;
			productReference = DF7FC9B51D9D4B19004064C3 /* Ripper.app */;
			productType = "com.apple.product-type.application";
		};
/* End PBXNativeTarget section */

/* Begin PBXProject section */
		DF7FC9AD1D9D4B19004064C3 /* Project object */ = {
			isa = PBXProject;
			attributes = {
				LastSwiftUpdateCheck = 0800;
				LastUpgradeCheck = 0800;
				ORGANIZATIONNAME = "Manish Ojha";
				TargetAttributes = {
					DF7FC9B41D9D4B19004064C3 = {
						CreatedOnToolsVersion = 8.0;
						DevelopmentTeam = GN968BP7LZ;
						LastSwiftMigration = 0800;
						ProvisioningStyle = Automatic;
						SystemCapabilities = {
							com.apple.Keychain = {
								enabled = 1;
							};
						};
					};
				};
			};
			buildConfigurationList = DF7FC9B01D9D4B19004064C3 /* Build configuration list for PBXProject "Ripper" */;
			compatibilityVersion = "Xcode 3.2";
			developmentRegion = English;
			hasScannedForEncodings = 0;
			knownRegions = (
				en,
				Base,
			);
			mainGroup = DF7FC9AC1D9D4B19004064C3;
			productRefGroup = DF7FC9B61D9D4B19004064C3 /* Products */;
			projectDirPath = "";
			projectRoot = "";
			targets = (
				DF7FC9B41D9D4B19004064C3 /* Ripper */,
			);
		};
/* End PBXProject section */

/* Begin PBXResourcesBuildPhase section */
		DF7FC9B31D9D4B19004064C3 /* Resources */ = {
			isa = PBXResourcesBuildPhase;
			buildActionMask = 2147483647;
			files = (
				DF7FC9C61D9D4B19004064C3 /* LaunchScreen.storyboard in Resources */,
				DF7FC9CE1D9D4CE4004064C3 /* GoogleService-Info.plist in Resources */,
				DF7FC9C31D9D4B19004064C3 /* Assets.xcassets in Resources */,
				DF7FC9BE1D9D4B19004064C3 /* Main.storyboard in Resources */,
			);
			runOnlyForDeploymentPostprocessing = 0;
		};
/* End PBXResourcesBuildPhase section */

/* Begin PBXShellScriptBuildPhase section */
		B413916FACAFC024D016709B /* [CP] Check Pods Manifest.lock */ = {
			isa = PBXShellScriptBuildPhase;
			buildActionMask = 2147483647;
			files = (
			);
			inputPaths = (
			);
			name = "[CP] Check Pods Manifest.lock";
			outputPaths = (
			);
			runOnlyForDeploymentPostprocessing = 0;
			shellPath = /bin/sh;
			shellScript = "diff \"${PODS_ROOT}/../Podfile.lock\" \"${PODS_ROOT}/Manifest.lock\" > /dev/null\nif [[ $? != 0 ]] ; then\n    cat << EOM\nerror: The sandbox is not in sync with the Podfile.lock. Run 'pod install' or update your CocoaPods installation.\nEOM\n    exit 1\nfi\n";
			showEnvVarsInLog = 0;
		};
		D9EC50898B4AB899CB1D37B1 /* [CP] Embed Pods Frameworks */ = {
			isa = PBXShellScriptBuildPhase;
			buildActionMask = 2147483647;
			files = (
			);
			inputPaths = (
			);
			name = "[CP] Embed Pods Frameworks";
			outputPaths = (
			);
			runOnlyForDeploymentPostprocessing = 0;
			shellPath = /bin/sh;
			shellScript = "\"${SRCROOT}/Pods/Target Support Files/Pods-Ripper/Pods-Ripper-frameworks.sh\"\n";
			showEnvVarsInLog = 0;
		};
		EBAE2BF3FD10005B63DC746C /* [CP] Copy Pods Resources */ = {
			isa = PBXShellScriptBuildPhase;
			buildActionMask = 2147483647;
			files = (
			);
			inputPaths = (
			);
			name = "[CP] Copy Pods Resources";
			outputPaths = (
			);
			runOnlyForDeploymentPostprocessing = 0;
			shellPath = /bin/sh;
			shellScript = "\"${SRCROOT}/Pods/Target Support Files/Pods-Ripper/Pods-Ripper-resources.sh\"\n";
			showEnvVarsInLog = 0;
		};
/* End PBXShellScriptBuildPhase section */

/* Begin PBXSourcesBuildPhase section */
		DF7FC9B11D9D4B19004064C3 /* Sources */ = {
			isa = PBXSourcesBuildPhase;
			buildActionMask = 2147483647;
			files = (
				DF7FC9BB1D9D4B19004064C3 /* ViewController.swift in Sources */,
				DF65D81E1DC3044A00DCE63B /* UserProfileViewController.swift in Sources */,
				DF68E43C1DA8C7F100AB531E /* RegisterViewController.swift in Sources */,
				DF4A47901E13DA82000222BA /* DataService.swift in Sources */,
				DF4A478E1E1389AC000222BA /* MaterialTextField.swift in Sources */,
				DF4A478A1E13854A000222BA /* MaterialView.swift in Sources */,
				DF4A478C1E1388C1000222BA /* MaterialButton.swift in Sources */,
				DF7FC9C11D9D4B19004064C3 /* Ripper.xcdatamodeld in Sources */,
				DF4A47881E138531000222BA /* Constraints.swift in Sources */,
				DFBE96471E0D46FE00CC923F /* ProfileCollectionViewController.swift in Sources */,
				DF7FC9B91D9D4B19004064C3 /* AppDelegate.swift in Sources */,
				DFE8CA211E0E3EFC00732D3A /* addPicToCollectionViewController.swift in Sources */,
				DF6AA82C1E14ED3300E5F1F1 /* BrandsViewController.swift in Sources */,
			);
			runOnlyForDeploymentPostprocessing = 0;
		};
/* End PBXSourcesBuildPhase section */

/* Begin PBXVariantGroup section */
		DF7FC9BC1D9D4B19004064C3 /* Main.storyboard */ = {
			isa = PBXVariantGroup;
			children = (
				DF7FC9BD1D9D4B19004064C3 /* Base */,
			);
			name = Main.storyboard;
			sourceTree = "<group>";
		};
		DF7FC9C41D9D4B19004064C3 /* LaunchScreen.storyboard */ = {
			isa = PBXVariantGroup;
			children = (
				DF7FC9C51D9D4B19004064C3 /* Base */,
			);
			name = LaunchScreen.storyboard;
			sourceTree = "<group>";
		};
/* End PBXVariantGroup section */

/* Begin XCBuildConfiguration section */
		DF7FC9C81D9D4B19004064C3 /* Debug */ = {
			isa = XCBuildConfiguration;
			buildSettings = {
				ALWAYS_SEARCH_USER_PATHS = NO;
				CLANG_ANALYZER_NONNULL = YES;
				CLANG_CXX_LANGUAGE_STANDARD = "gnu++0x";
				CLANG_CXX_LIBRARY = "libc++";
				CLANG_ENABLE_MODULES = YES;
				CLANG_ENABLE_OBJC_ARC = YES;
				CLANG_WARN_BOOL_CONVERSION = YES;
				CLANG_WARN_CONSTANT_CONVERSION = YES;
				CLANG_WARN_DIRECT_OBJC_ISA_USAGE = YES_ERROR;
				CLANG_WARN_DOCUMENTATION_COMMENTS = YES;
				CLANG_WARN_EMPTY_BODY = YES;
				CLANG_WARN_ENUM_CONVERSION = YES;
				CLANG_WARN_INFINITE_RECURSION = YES;
				CLANG_WARN_INT_CONVERSION = YES;
				CLANG_WARN_OBJC_ROOT_CLASS = YES_ERROR;
				CLANG_WARN_SUSPICIOUS_MOVE = YES;
				CLANG_WARN_SUSPICIOUS_MOVES = YES;
				CLANG_WARN_UNREACHABLE_CODE = YES;
				CLANG_WARN__DUPLICATE_METHOD_MATCH = YES;
				"CODE_SIGN_IDENTITY[sdk=iphoneos*]" = "iPhone Developer";
				COPY_PHASE_STRIP = NO;
				DEBUG_INFORMATION_FORMAT = dwarf;
				ENABLE_STRICT_OBJC_MSGSEND = YES;
				ENABLE_TESTABILITY = YES;
				GCC_C_LANGUAGE_STANDARD = gnu99;
				GCC_DYNAMIC_NO_PIC = NO;
				GCC_NO_COMMON_BLOCKS = YES;
				GCC_OPTIMIZATION_LEVEL = 0;
				GCC_PREPROCESSOR_DEFINITIONS = (
					"DEBUG=1",
					"$(inherited)",
				);
				GCC_WARN_64_TO_32_BIT_CONVERSION = YES;
				GCC_WARN_ABOUT_RETURN_TYPE = YES_ERROR;
				GCC_WARN_UNDECLARED_SELECTOR = YES;
				GCC_WARN_UNINITIALIZED_AUTOS = YES_AGGRESSIVE;
				GCC_WARN_UNUSED_FUNCTION = YES;
				GCC_WARN_UNUSED_VARIABLE = YES;
				IPHONEOS_DEPLOYMENT_TARGET = 10.0;
				MTL_ENABLE_DEBUG_INFO = YES;
				ONLY_ACTIVE_ARCH = YES;
				SDKROOT = iphoneos;
				SWIFT_ACTIVE_COMPILATION_CONDITIONS = DEBUG;
				SWIFT_OPTIMIZATION_LEVEL = "-Onone";
			};
			name = Debug;
		};
		DF7FC9C91D9D4B19004064C3 /* Release */ = {
			isa = XCBuildConfiguration;
			buildSettings = {
				ALWAYS_SEARCH_USER_PATHS = NO;
				CLANG_ANALYZER_NONNULL = YES;
				CLANG_CXX_LANGUAGE_STANDARD = "gnu++0x";
				CLANG_CXX_LIBRARY = "libc++";
				CLANG_ENABLE_MODULES = YES;
				CLANG_ENABLE_OBJC_ARC = YES;
				CLANG_WARN_BOOL_CONVERSION = YES;
				CLANG_WARN_CONSTANT_CONVERSION = YES;
				CLANG_WARN_DIRECT_OBJC_ISA_USAGE = YES_ERROR;
				CLANG_WARN_DOCUMENTATION_COMMENTS = YES;
				CLANG_WARN_EMPTY_BODY = YES;
				CLANG_WARN_ENUM_CONVERSION = YES;
				CLANG_WARN_INFINITE_RECURSION = YES;
				CLANG_WARN_INT_CONVERSION = YES;
				CLANG_WARN_OBJC_ROOT_CLASS = YES_ERROR;
				CLANG_WARN_SUSPICIOUS_MOVE = YES;
				CLANG_WARN_SUSPICIOUS_MOVES = YES;
				CLANG_WARN_UNREACHABLE_CODE = YES;
				CLANG_WARN__DUPLICATE_METHOD_MATCH = YES;
				"CODE_SIGN_IDENTITY[sdk=iphoneos*]" = "iPhone Developer";
				COPY_PHASE_STRIP = NO;
				DEBUG_INFORMATION_FORMAT = "dwarf-with-dsym";
				ENABLE_NS_ASSERTIONS = NO;
				ENABLE_STRICT_OBJC_MSGSEND = YES;
				GCC_C_LANGUAGE_STANDARD = gnu99;
				GCC_NO_COMMON_BLOCKS = YES;
				GCC_WARN_64_TO_32_BIT_CONVERSION = YES;
				GCC_WARN_ABOUT_RETURN_TYPE = YES_ERROR;
				GCC_WARN_UNDECLARED_SELECTOR = YES;
				GCC_WARN_UNINITIALIZED_AUTOS = YES_AGGRESSIVE;
				GCC_WARN_UNUSED_FUNCTION = YES;
				GCC_WARN_UNUSED_VARIABLE = YES;
				IPHONEOS_DEPLOYMENT_TARGET = 10.0;
				MTL_ENABLE_DEBUG_INFO = NO;
				SDKROOT = iphoneos;
				SWIFT_OPTIMIZATION_LEVEL = "-Owholemodule";
				VALIDATE_PRODUCT = YES;
			};
			name = Release;
		};
		DF7FC9CB1D9D4B19004064C3 /* Debug */ = {
			isa = XCBuildConfiguration;
			baseConfigurationReference = 179C1108788D433FDEDF72AF /* Pods-Ripper.debug.xcconfig */;
			buildSettings = {
				ASSETCATALOG_COMPILER_APPICON_NAME = AppIcon;
				CLANG_ENABLE_MODULES = YES;
				CODE_SIGN_ENTITLEMENTS = Ripper/Ripper.entitlements;
				DEVELOPMENT_TEAM = GN968BP7LZ;
				INFOPLIST_FILE = Ripper/Info.plist;
				LD_RUNPATH_SEARCH_PATHS = "$(inherited) @executable_path/Frameworks";
				PRODUCT_BUNDLE_IDENTIFIER = com.Manish.Ripper;
				PRODUCT_NAME = "$(TARGET_NAME)";
				SWIFT_OBJC_BRIDGING_HEADER = "Ripper/Ripper-Bridging-Header.h";
				SWIFT_OPTIMIZATION_LEVEL = "-Onone";
				SWIFT_VERSION = 3.0;
			};
			name = Debug;
		};
		DF7FC9CC1D9D4B19004064C3 /* Release */ = {
			isa = XCBuildConfiguration;
			baseConfigurationReference = 80ACB327D0466A51941A6AF5 /* Pods-Ripper.release.xcconfig */;
			buildSettings = {
				ASSETCATALOG_COMPILER_APPICON_NAME = AppIcon;
				CLANG_ENABLE_MODULES = YES;
				CODE_SIGN_ENTITLEMENTS = Ripper/Ripper.entitlements;
				DEVELOPMENT_TEAM = GN968BP7LZ;
				INFOPLIST_FILE = Ripper/Info.plist;
				LD_RUNPATH_SEARCH_PATHS = "$(inherited) @executable_path/Frameworks";
				PRODUCT_BUNDLE_IDENTIFIER = com.Manish.Ripper;
				PRODUCT_NAME = "$(TARGET_NAME)";
				SWIFT_OBJC_BRIDGING_HEADER = "Ripper/Ripper-Bridging-Header.h";
				SWIFT_VERSION = 3.0;
			};
			name = Release;
		};
/* End XCBuildConfiguration section */

/* Begin XCConfigurationList section */
		DF7FC9B01D9D4B19004064C3 /* Build configuration list for PBXProject "Ripper" */ = {
			isa = XCConfigurationList;
			buildConfigurations = (
				DF7FC9C81D9D4B19004064C3 /* Debug */,
				DF7FC9C91D9D4B19004064C3 /* Release */,
			);
			defaultConfigurationIsVisible = 0;
			defaultConfigurationName = Release;
		};
		DF7FC9CA1D9D4B19004064C3 /* Build configuration list for PBXNativeTarget "Ripper" */ = {
			isa = XCConfigurationList;
			buildConfigurations = (
				DF7FC9CB1D9D4B19004064C3 /* Debug */,
				DF7FC9CC1D9D4B19004064C3 /* Release */,
			);
			defaultConfigurationIsVisible = 0;
			defaultConfigurationName = Release;
		};
/* End XCConfigurationList section */

/* Begin XCVersionGroup section */
		DF7FC9BF1D9D4B19004064C3 /* Ripper.xcdatamodeld */ = {
			isa = XCVersionGroup;
			children = (
				DF7FC9C01D9D4B19004064C3 /* Ripper.xcdatamodel */,
			);
			currentVersion = DF7FC9C01D9D4B19004064C3 /* Ripper.xcdatamodel */;
			path = Ripper.xcdatamodeld;
			sourceTree = "<group>";
			versionGroupType = wrapper.xcdatamodel;
		};
/* End XCVersionGroup section */
	};
	rootObject = DF7FC9AD1D9D4B19004064C3 /* Project object */;
}
